
Microsoft Visual Studio Solution File, Format Version 12.00
# Visual Studio Version 17
VisualStudioVersion = 17.6.33829.357
MinimumVisualStudioVersion = 10.0.40219.1
Project("{FAE04EC0-301F-11D3-BF4B-00C04F79EFBC}") = "MSDHSystem.Android", "MSDHSystem\MSDHSystem.Android\MSDHSystem.Android.csproj", "{38E40C05-CBC8-4909-BDAE-6A6F06047B77}"
EndProject
Project("{FAE04EC0-301F-11D3-BF4B-00C04F79EFBC}") = "MSDHSystem.iOS", "MSDHSystem\MSDHSystem.iOS\MSDHSystem.iOS.csproj", "{7B9EB451-81EF-4270-B6ED-D05CA5A7499E}"
EndProject
Project("{9A19103F-16F7-4668-BE54-9A1E7A4F7556}") = "MSDHSystem", "MSDHSystem\MSDHSystem\MSDHSystem.csproj", "{B436E27C-6ECA-44BB-9519-70CB1632284D}"
EndProject
Global
	GlobalSection(SolutionConfigurationPlatforms) = preSolution
		Debug|Any CPU = Debug|Any CPU
		Debug|ARM = Debug|ARM
		Debug|iPhone = Debug|iPhone
		Debug|iPhoneSimulator = Debug|iPhoneSimulator
		Debug|x64 = Debug|x64
		Debug|x86 = Debug|x86
		Release|Any CPU = Release|Any CPU
		Release|ARM = Release|ARM
		Release|iPhone = Release|iPhone
		Release|iPhoneSimulator = Release|iPhoneSimulator
		Release|x64 = Release|x64
		Release|x86 = Release|x86
	EndGlobalSection
	GlobalSection(ProjectConfigurationPlatforms) = postSolution
		{38E40C05-CBC8-4909-BDAE-6A6F06047B77}.Debug|Any CPU.ActiveCfg = Debug|Any CPU
		{38E40C05-CBC8-4909-BDAE-6A6F06047B77}.Debug|Any CPU.Build.0 = Debug|Any CPU
		{38E40C05-CBC8-4909-BDAE-6A6F06047B77}.Debug|Any CPU.Deploy.0 = Debug|Any CPU
		{38E40C05-CBC8-4909-BDAE-6A6F06047B77}.Debug|ARM.ActiveCfg = Debug|Any CPU
		{38E40C05-CBC8-4909-BDAE-6A6F06047B77}.Debug|ARM.Build.0 = Debug|Any CPU
		{38E40C05-CBC8-4909-BDAE-6A6F06047B77}.Debug|ARM.Deploy.0 = Debug|Any CPU
		{38E40C05-CBC8-4909-BDAE-6A6F06047B77}.Debug|iPhone.ActiveCfg = Debug|Any CPU
		{38E40C05-CBC8-4909-BDAE-6A6F06047B77}.Debug|iPhone.Build.0 = Debug|Any CPU
		{38E40C05-CBC8-4909-BDAE-6A6F06047B77}.Debug|iPhone.Deploy.0 = Debug|Any CPU
		{38E40C05-CBC8-4909-BDAE-6A6F06047B77}.Debug|iPhoneSimulator.ActiveCfg = Debug|Any CPU
		{38E40C05-CBC8-4909-BDAE-6A6F06047B77}.Debug|iPhoneSimulator.Build.0 = Debug|Any CPU
		{38E40C05-CBC8-4909-BDAE-6A6F06047B77}.Debug|iPhoneSimulator.Deploy.0 = Debug|Any CPU
		{38E40C05-CBC8-4909-BDAE-6A6F06047B77}.Debug|x64.ActiveCfg = Debug|Any CPU
		{38E40C05-CBC8-4909-BDAE-6A6F06047B77}.Debug|x64.Build.0 = Debug|Any CPU
		{38E40C05-CBC8-4909-BDAE-6A6F06047B77}.Debug|x64.Deploy.0 = Debug|Any CPU
		{38E40C05-CBC8-4909-BDAE-6A6F06047B77}.Debug|x86.ActiveCfg = Debug|Any CPU
		{38E40C05-CBC8-4909-BDAE-6A6F06047B77}.Debug|x86.Build.0 = Debug|Any CPU
		{38E40C05-CBC8-4909-BDAE-6A6F06047B77}.Debug|x86.Deploy.0 = Debug|Any CPU
		{38E40C05-CBC8-4909-BDAE-6A6F06047B77}.Release|Any CPU.ActiveCfg = Release|Any CPU
		{38E40C05-CBC8-4909-BDAE-6A6F06047B77}.Release|Any CPU.Build.0 = Release|Any CPU
		{38E40C05-CBC8-4909-BDAE-6A6F06047B77}.Release|Any CPU.Deploy.0 = Release|Any CPU
		{38E40C05-CBC8-4909-BDAE-6A6F06047B77}.Release|ARM.ActiveCfg = Release|Any CPU
		{38E40C05-CBC8-4909-BDAE-6A6F06047B77}.Release|ARM.Build.0 = Release|Any CPU
		{38E40C05-CBC8-4909-BDAE-6A6F06047B77}.Release|ARM.Deploy.0 = Release|Any CPU
		{38E40C05-CBC8-4909-BDAE-6A6F06047B77}.Release|iPhone.ActiveCfg = Release|Any CPU
		{38E40C05-CBC8-4909-BDAE-6A6F06047B77}.Release|iPhone.Build.0 = Release|Any CPU
		{38E40C05-CBC8-4909-BDAE-6A6F06047B77}.Release|iPhone.Deploy.0 = Release|Any CPU
		{38E40C05-CBC8-4909-BDAE-6A6F06047B77}.Release|iPhoneSimulator.ActiveCfg = Release|Any CPU
		{38E40C05-CBC8-4909-BDAE-6A6F06047B77}.Release|iPhoneSimulator.Build.0 = Release|Any CPU
		{38E40C05-CBC8-4909-BDAE-6A6F06047B77}.Release|iPhoneSimulator.Deploy.0 = Release|Any CPU
		{38E40C05-CBC8-4909-BDAE-6A6F06047B77}.Release|x64.ActiveCfg = Release|Any CPU
		{38E40C05-CBC8-4909-BDAE-6A6F06047B77}.Release|x64.Build.0 = Release|Any CPU
		{38E40C05-CBC8-4909-BDAE-6A6F06047B77}.Release|x64.Deploy.0 = Release|Any CPU
		{38E40C05-CBC8-4909-BDAE-6A6F06047B77}.Release|x86.ActiveCfg = Release|Any CPU
		{38E40C05-CBC8-4909-BDAE-6A6F06047B77}.Release|x86.Build.0 = Release|Any CPU
		{38E40C05-CBC8-4909-BDAE-6A6F06047B77}.Release|x86.Deploy.0 = Release|Any CPU
		{7B9EB451-81EF-4270-B6ED-D05CA5A7499E}.Debug|Any CPU.ActiveCfg = Debug|iPhoneSimulator
		{7B9EB451-81EF-4270-B6ED-D05CA5A7499E}.Debug|Any CPU.Build.0 = Debug|iPhoneSimulator
		{7B9EB451-81EF-4270-B6ED-D05CA5A7499E}.Debug|Any CPU.Deploy.0 = Debug|iPhoneSimulator
		{7B9EB451-81EF-4270-B6ED-D05CA5A7499E}.Debug|ARM.ActiveCfg = Debug|iPhoneSimulator
		{7B9EB451-81EF-4270-B6ED-D05CA5A7499E}.Debug|ARM.Build.0 = Debug|iPhoneSimulator
		{7B9EB451-81EF-4270-B6ED-D05CA5A7499E}.Debug|ARM.Deploy.0 = Debug|iPhoneSimulator
		{7B9EB451-81EF-4270-B6ED-D05CA5A7499E}.Debug|iPhone.ActiveCfg = Debug|iPhone
		{7B9EB451-81EF-4270-B6ED-D05CA5A7499E}.Debug|iPhone.Build.0 = Debug|iPhone
		{7B9EB451-81EF-4270-B6ED-D05CA5A7499E}.Debug|iPhone.Deploy.0 = Debug|iPhone
		{7B9EB451-81EF-4270-B6ED-D05CA5A7499E}.Debug|iPhoneSimulator.ActiveCfg = Debug|iPhoneSimulator
		{7B9EB451-81EF-4270-B6ED-D05CA5A7499E}.Debug|iPhoneSimulator.Build.0 = Debug|iPhoneSimulator
		{7B9EB451-81EF-4270-B6ED-D05CA5A7499E}.Debug|iPhoneSimulator.Deploy.0 = Debug|iPhoneSimulator
		{7B9EB451-81EF-4270-B6ED-D05CA5A7499E}.Debug|x64.ActiveCfg = Debug|iPhone
		{7B9EB451-81EF-4270-B6ED-D05CA5A7499E}.Debug|x64.Build.0 = Debug|iPhone
		{7B9EB451-81EF-4270-B6ED-D05CA5A7499E}.Debug|x64.Deploy.0 = Debug|iPhone
		{7B9EB451-81EF-4270-B6ED-D05CA5A7499E}.Debug|x86.ActiveCfg = Debug|iPhoneSimulator
		{7B9EB451-81EF-4270-B6ED-D05CA5A7499E}.Debug|x86.Build.0 = Debug|iPhoneSimulator
		{7B9EB451-81EF-4270-B6ED-D05CA5A7499E}.Debug|x86.Deploy.0 = Debug|iPhoneSimulator
		{7B9EB451-81EF-4270-B6ED-D05CA5A7499E}.Release|Any CPU.ActiveCfg = Release|iPhoneSimulator
		{7B9EB451-81EF-4270-B6ED-D05CA5A7499E}.Release|Any CPU.Build.0 = Release|iPhoneSimulator
		{7B9EB451-81EF-4270-B6ED-D05CA5A7499E}.Release|Any CPU.Deploy.0 = Release|iPhoneSimulator
		{7B9EB451-81EF-4270-B6ED-D05CA5A7499E}.Release|ARM.ActiveCfg = Release|iPhoneSimulator
		{7B9EB451-81EF-4270-B6ED-D05CA5A7499E}.Release|ARM.Build.0 = Release|iPhoneSimulator
		{7B9EB451-81EF-4270-B6ED-D05CA5A7499E}.Release|ARM.Deploy.0 = Release|iPhoneSimulator
		{7B9EB451-81EF-4270-B6ED-D05CA5A7499E}.Release|iPhone.ActiveCfg = Release|iPhone
		{7B9EB451-81EF-4270-B6ED-D05CA5A7499E}.Release|iPhone.Build.0 = Release|iPhone
		{7B9EB451-81EF-4270-B6ED-D05CA5A7499E}.Release|iPhone.Deploy.0 = Release|iPhone
		{7B9EB451-81EF-4270-B6ED-D05CA5A7499E}.Release|iPhoneSimulator.ActiveCfg = Release|iPhoneSimulator
		{7B9EB451-81EF-4270-B6ED-D05CA5A7499E}.Release|iPhoneSimulator.Build.0 = Release|iPhoneSimulator
		{7B9EB451-81EF-4270-B6ED-D05CA5A7499E}.Release|iPhoneSimulator.Deploy.0 = Release|iPhoneSimulator
		{7B9EB451-81EF-4270-B6ED-D05CA5A7499E}.Release|x64.ActiveCfg = Release|iPhoneSimulator
		{7B9EB451-81EF-4270-B6ED-D05CA5A7499E}.Release|x64.Build.0 = Release|iPhoneSimulator
		{7B9EB451-81EF-4270-B6ED-D05CA5A7499E}.Release|x64.Deploy.0 = Release|iPhoneSimulator
		{7B9EB451-81EF-4270-B6ED-D05CA5A7499E}.Release|x86.ActiveCfg = Release|iPhoneSimulator
		{7B9EB451-81EF-4270-B6ED-D05CA5A7499E}.Release|x86.Build.0 = Release|iPhoneSimulator
		{7B9EB451-81EF-4270-B6ED-D05CA5A7499E}.Release|x86.Deploy.0 = Release|iPhoneSimulator
		{B436E27C-6ECA-44BB-9519-70CB1632284D}.Debug|Any CPU.ActiveCfg = Debug|Any CPU
		{B436E27C-6ECA-44BB-9519-70CB1632284D}.Debug|Any CPU.Build.0 = Debug|Any CPU
		{B436E27C-6ECA-44BB-9519-70CB1632284D}.Debug|Any CPU.Deploy.0 = Debug|Any CPU
		{B436E27C-6ECA-44BB-9519-70CB1632284D}.Debug|ARM.ActiveCfg = Debug|Any CPU
		{B436E27C-6ECA-44BB-9519-70CB1632284D}.Debug|ARM.Build.0 = Debug|Any CPU
		{B436E27C-6ECA-44BB-9519-70CB1632284D}.Debug|ARM.Deploy.0 = Debug|Any CPU
		{B436E27C-6ECA-44BB-9519-70CB1632284D}.Debug|iPhone.ActiveCfg = Debug|Any CPU
		{B436E27C-6ECA-44BB-9519-70CB1632284D}.Debug|iPhone.Build.0 = Debug|Any CPU
		{B436E27C-6ECA-44BB-9519-70CB1632284D}.Debug|iPhone.Deploy.0 = Debug|Any CPU
		{B436E27C-6ECA-44BB-9519-70CB1632284D}.Debug|iPhoneSimulator.ActiveCfg = Debug|Any CPU
		{B436E27C-6ECA-44BB-9519-70CB1632284D}.Debug|iPhoneSimulator.Build.0 = Debug|Any CPU
		{B436E27C-6ECA-44BB-9519-70CB1632284D}.Debug|iPhoneSimulator.Deploy.0 = Debug|Any CPU
		{B436E27C-6ECA-44BB-9519-70CB1632284D}.Debug|x64.ActiveCfg = Debug|Any CPU
		{B436E27C-6ECA-44BB-9519-70CB1632284D}.Debug|x64.Build.0 = Debug|Any CPU
		{B436E27C-6ECA-44BB-9519-70CB1632284D}.Debug|x64.Deploy.0 = Debug|Any CPU
		{B436E27C-6ECA-44BB-9519-70CB1632284D}.Debug|x86.ActiveCfg = Debug|Any CPU
		{B436E27C-6ECA-44BB-9519-70CB1632284D}.Debug|x86.Build.0 = Debug|Any CPU
		{B436E27C-6ECA-44BB-9519-70CB1632284D}.Debug|x86.Deploy.0 = Debug|Any CPU
		{B436E27C-6ECA-44BB-9519-70CB1632284D}.Release|Any CPU.ActiveCfg = Release|Any CPU
		{B436E27C-6ECA-44BB-9519-70CB1632284D}.Release|Any CPU.Build.0 = Release|Any CPU
		{B436E27C-6ECA-44BB-9519-70CB1632284D}.Release|Any CPU.Deploy.0 = Release|Any CPU
		{B436E27C-6ECA-44BB-9519-70CB1632284D}.Release|ARM.ActiveCfg = Release|Any CPU
		{B436E27C-6ECA-44BB-9519-70CB1632284D}.Release|ARM.Build.0 = Release|Any CPU
		{B436E27C-6ECA-44BB-9519-70CB1632284D}.Release|ARM.Deploy.0 = Release|Any CPU
		{B436E27C-6ECA-44BB-9519-70CB1632284D}.Release|iPhone.ActiveCfg = Release|Any CPU
		{B436E27C-6ECA-44BB-9519-70CB1632284D}.Release|iPhone.Build.0 = Release|Any CPU
		{B436E27C-6ECA-44BB-9519-70CB1632284D}.Release|iPhone.Deploy.0 = Release|Any CPU
		{B436E27C-6ECA-44BB-9519-70CB1632284D}.Release|iPhoneSimulator.ActiveCfg = Release|Any CPU
		{B436E27C-6ECA-44BB-9519-70CB1632284D}.Release|iPhoneSimulator.Build.0 = Release|Any CPU
		{B436E27C-6ECA-44BB-9519-70CB1632284D}.Release|iPhoneSimulator.Deploy.0 = Release|Any CPU
		{B436E27C-6ECA-44BB-9519-70CB1632284D}.Release|x64.ActiveCfg = Release|Any CPU
		{B436E27C-6ECA-44BB-9519-70CB1632284D}.Release|x64.Build.0 = Release|Any CPU
		{B436E27C-6ECA-44BB-9519-70CB1632284D}.Release|x64.Deploy.0 = Release|Any CPU
		{B436E27C-6ECA-44BB-9519-70CB1632284D}.Release|x86.ActiveCfg = Release|Any CPU
		{B436E27C-6ECA-44BB-9519-70CB1632284D}.Release|x86.Build.0 = Release|Any CPU
		{B436E27C-6ECA-44BB-9519-70CB1632284D}.Release|x86.Deploy.0 = Release|Any CPU
	EndGlobalSection
	GlobalSection(SolutionProperties) = preSolution
		HideSolutionNode = FALSE
	EndGlobalSection
	GlobalSection(ExtensibilityGlobals) = postSolution
		SolutionGuid = {C53A0770-6D5F-42D9-9A97-0D12DD7FB481}
	EndGlobalSection
EndGlobal
